
Microsoft Visual Studio Solution File, Format Version 12.00
# Visual Studio Version 17
VisualStudioVersion = 17.3.32825.248
MinimumVisualStudioVersion = 10.0.40219.1
Project("{FAE04EC0-301F-11D3-BF4B-00C04F79EFBC}") = "CustomValidation_Example", "CustomValidation_Example\CustomValidation_Example.csproj", "{4914A962-5531-4E30-B22A-D39E3304E06B}"
EndProject
Global
	GlobalSection(SolutionConfigurationPlatforms) = preSolution
		Debug|Any CPU = Debug|Any CPU
		Release|Any CPU = Release|Any CPU
	EndGlobalSection
	GlobalSection(ProjectConfigurationPlatforms) = postSolution
		{4914A962-5531-4E30-B22A-D39E3304E06B}.Debug|Any CPU.ActiveCfg = Debug|Any CPU
		{4914A962-5531-4E30-B22A-D39E3304E06B}.Debug|Any CPU.Build.0 = Debug|Any CPU
		{4914A962-5531-4E30-B22A-D39E3304E06B}.Release|Any CPU.ActiveCfg = Release|Any CPU
		{4914A962-5531-4E30-B22A-D39E3304E06B}.Release|Any CPU.Build.0 = Release|Any CPU
	EndGlobalSection
	GlobalSection(SolutionProperties) = preSolution
		HideSolutionNode = FALSE
	EndGlobalSection
	GlobalSection(ExtensibilityGlobals) = postSolution
		SolutionGuid = {5FDEC398-CF40-4DF6-89CD-D58442E626B4}
	EndGlobalSection
EndGlobal
