
Microsoft Visual Studio Solution File, Format Version 12.00
# Visual Studio Version 17
VisualStudioVersion = 17.3.32825.248
MinimumVisualStudioVersion = 10.0.40219.1
Project("{FAE04EC0-301F-11D3-BF4B-00C04F79EFBC}") = "MVC_Code_First_Ex", "MVC_Code_First_Ex\MVC_Code_First_Ex.csproj", "{475CCE8A-6F93-4F4C-892B-E389057EC232}"
EndProject
Global
	GlobalSection(SolutionConfigurationPlatforms) = preSolution
		Debug|Any CPU = Debug|Any CPU
		Release|Any CPU = Release|Any CPU
	EndGlobalSection
	GlobalSection(ProjectConfigurationPlatforms) = postSolution
		{475CCE8A-6F93-4F4C-892B-E389057EC232}.Debug|Any CPU.ActiveCfg = Debug|Any CPU
		{475CCE8A-6F93-4F4C-892B-E389057EC232}.Debug|Any CPU.Build.0 = Debug|Any CPU
		{475CCE8A-6F93-4F4C-892B-E389057EC232}.Release|Any CPU.ActiveCfg = Release|Any CPU
		{475CCE8A-6F93-4F4C-892B-E389057EC232}.Release|Any CPU.Build.0 = Release|Any CPU
	EndGlobalSection
	GlobalSection(SolutionProperties) = preSolution
		HideSolutionNode = FALSE
	EndGlobalSection
	GlobalSection(ExtensibilityGlobals) = postSolution
		SolutionGuid = {8B623999-D540-4CA0-9C7F-9D7FBDC9854A}
	EndGlobalSection
EndGlobal
